
Microsoft Visual Studio Solution File, Format Version 12.00
# Visual Studio Version 17
VisualStudioVersion = 17.7.34221.43
MinimumVisualStudioVersion = 10.0.40219.1
Project("{FAE04EC0-301F-11D3-BF4B-00C04F79EFBC}") = "CharacterCount", "CharacterCount\CharacterCount.csproj", "{06BC023E-C4DE-4670-AE14-51982EC9EC8C}"
EndProject
Global
	GlobalSection(SolutionConfigurationPlatforms) = preSolution
		Debug|Any CPU = Debug|Any CPU
		Release|Any CPU = Release|Any CPU
	EndGlobalSection
	GlobalSection(ProjectConfigurationPlatforms) = postSolution
		{06BC023E-C4DE-4670-AE14-51982EC9EC8C}.Debug|Any CPU.ActiveCfg = Debug|Any CPU
		{06BC023E-C4DE-4670-AE14-51982EC9EC8C}.Debug|Any CPU.Build.0 = Debug|Any CPU
		{06BC023E-C4DE-4670-AE14-51982EC9EC8C}.Release|Any CPU.ActiveCfg = Release|Any CPU
		{06BC023E-C4DE-4670-AE14-51982EC9EC8C}.Release|Any CPU.Build.0 = Release|Any CPU
	EndGlobalSection
	GlobalSection(SolutionProperties) = preSolution
		HideSolutionNode = FALSE
	EndGlobalSection
	GlobalSection(ExtensibilityGlobals) = postSolution
		SolutionGuid = {B6770502-1777-4336-83E9-FDE37344C49B}
	EndGlobalSection
EndGlobal
